{
  "name": "cooeff8.0",
  "version": "1.0.0",
  "lockfileVersion": 2,
  "requires": true,
  "packages": {
    "": {
      "name": "cooeff8.0",
      "version": "1.0.0",
      "license": "ISC",
      "dependencies": {
        "sm-integral": "^1.0.1"
      }
    },
    "node_modules/sm-integral": {
      "version": "1.0.1",
      "resolved": "https://registry.npmjs.org/sm-integral/-/sm-integral-1.0.1.tgz",
      "integrity": "sha512-8j5umy48kv7F2SdD9V4WCadjXN6PmLCDFYYskcOgukZoytgWhPam087iTWlDgsbOSvxSzSLPKa3kRl9xDGUvTA=="
    }
  },
  "dependencies": {
    "sm-integral": {
      "version": "1.0.1",
      "resolved": "https://registry.npmjs.org/sm-integral/-/sm-integral-1.0.1.tgz",
      "integrity": "sha512-8j5umy48kv7F2SdD9V4WCadjXN6PmLCDFYYskcOgukZoytgWhPam087iTWlDgsbOSvxSzSLPKa3kRl9xDGUvTA=="
    }
  }
}
